
Microsoft Visual Studio Solution File, Format Version 12.00
# Visual Studio 15
VisualStudioVersion = 15.0.28307.421
MinimumVisualStudioVersion = 10.0.40219.1
Project("{FAE04EC0-301F-11D3-BF4B-00C04F79EFBC}") = "LatihanMemberClass", "LatihanMemberClass\LatihanMemberClass.csproj", "{13A85355-DBE2-4A86-9589-D6E24676797B}"
EndProject
Global
	GlobalSection(SolutionConfigurationPlatforms) = preSolution
		Debug|Any CPU = Debug|Any CPU
		Release|Any CPU = Release|Any CPU
	EndGlobalSection
	GlobalSection(ProjectConfigurationPlatforms) = postSolution
		{13A85355-DBE2-4A86-9589-D6E24676797B}.Debug|Any CPU.ActiveCfg = Debug|Any CPU
		{13A85355-DBE2-4A86-9589-D6E24676797B}.Debug|Any CPU.Build.0 = Debug|Any CPU
		{13A85355-DBE2-4A86-9589-D6E24676797B}.Release|Any CPU.ActiveCfg = Release|Any CPU
		{13A85355-DBE2-4A86-9589-D6E24676797B}.Release|Any CPU.Build.0 = Release|Any CPU
	EndGlobalSection
	GlobalSection(SolutionProperties) = preSolution
		HideSolutionNode = FALSE
	EndGlobalSection
	GlobalSection(ExtensibilityGlobals) = postSolution
		SolutionGuid = {57EF7110-03F4-4383-BE14-BF4915F225C1}
	EndGlobalSection
EndGlobal
